
Microsoft Visual Studio Solution File, Format Version 12.00
# Visual Studio 15
VisualStudioVersion = 15.0.28307.645
MinimumVisualStudioVersion = 10.0.40219.1
Project("{FAE04EC0-301F-11D3-BF4B-00C04F79EFBC}") = "EventHubTester", "EventHubTester\EventHubTester.csproj", "{2194DB93-6848-4F24-9E2C-662174CD9E9D}"
EndProject
Global
	GlobalSection(SolutionConfigurationPlatforms) = preSolution
		Debug|Any CPU = Debug|Any CPU
		Release|Any CPU = Release|Any CPU
	EndGlobalSection
	GlobalSection(ProjectConfigurationPlatforms) = postSolution
		{2194DB93-6848-4F24-9E2C-662174CD9E9D}.Debug|Any CPU.ActiveCfg = Debug|Any CPU
		{2194DB93-6848-4F24-9E2C-662174CD9E9D}.Debug|Any CPU.Build.0 = Debug|Any CPU
		{2194DB93-6848-4F24-9E2C-662174CD9E9D}.Release|Any CPU.ActiveCfg = Release|Any CPU
		{2194DB93-6848-4F24-9E2C-662174CD9E9D}.Release|Any CPU.Build.0 = Release|Any CPU
	EndGlobalSection
	GlobalSection(SolutionProperties) = preSolution
		HideSolutionNode = FALSE
	EndGlobalSection
	GlobalSection(ExtensibilityGlobals) = postSolution
		SolutionGuid = {530F4586-BE53-41EF-BD18-AC37461B8A6E}
	EndGlobalSection
EndGlobal
